// !$*UTF8*$!
{
	archiveVersion = 1;
	classes = {
	};
	objectVersion = 46;
	objects = {

/* Begin PBXBuildFile section */
		83E2D7911BD597A30006DDD8 /* main.m in Sources */ = {isa = PBXBuildFile; fileRef = 83E2D7901BD597A30006DDD8 /* main.m */; };
		83E2D7941BD597A30006DDD8 /* AppDelegate.m in Sources */ = {isa = PBXBuildFile; fileRef = 83E2D7931BD597A30006DDD8 /* AppDelegate.m */; };
		83E2D7971BD597A30006DDD8 /* ViewController.m in Sources */ = {isa = PBXBuildFile; fileRef = 83E2D7961BD597A30006DDD8 /* ViewController.m */; };
		83E2D79A1BD597A30006DDD8 /* Main.storyboard in Resources */ = {isa = PBXBuildFile; fileRef = 83E2D7981BD597A30006DDD8 /* Main.storyboard */; };
		83E2D79C1BD597A30006DDD8 /* Assets.xcassets in Resources */ = {isa = PBXBuildFile; fileRef = 83E2D79B1BD597A30006DDD8 /* Assets.xcassets */; };
		83E2D79F1BD597A30006DDD8 /* LaunchScreen.storyboard in Resources */ = {isa = PBXBuildFile; fileRef = 83E2D79D1BD597A30006DDD8 /* LaunchScreen.storyboard */; };
		83E2D7B21BD598810006DDD8 /* MBEMetalView.m in Sources */ = {isa = PBXBuildFile; fileRef = 83E2D7A71BD598810006DDD8 /* MBEMetalView.m */; };
		83E2D7B51BD598810006DDD8 /* MBERenderer.m in Sources */ = {isa = PBXBuildFile; fileRef = 83E2D7AC1BD598810006DDD8 /* MBERenderer.m */; };
		83E2D7B61BD598810006DDD8 /* Shaders.metal in Sources */ = {isa = PBXBuildFile; fileRef = 83E2D7AD1BD598810006DDD8 /* Shaders.metal */; };
		83E2D7B81BD598810006DDD8 /* MBEMathUtilities.m in Sources */ = {isa = PBXBuildFile; fileRef = 83E2D7B11BD598810006DDD8 /* MBEMathUtilities.m */; };
		845182E520D8214900BF473E /* AppDelegate.m in Sources */ = {isa = PBXBuildFile; fileRef = 845182E420D8214900BF473E /* AppDelegate.m */; };
		845182EA20D8214A00BF473E /* Assets.xcassets in Resources */ = {isa = PBXBuildFile; fileRef = 845182E920D8214A00BF473E /* Assets.xcassets */; };
		845182ED20D8214A00BF473E /* Main.storyboard in Resources */ = {isa = PBXBuildFile; fileRef = 845182EB20D8214A00BF473E /* Main.storyboard */; };
		845182F020D8214A00BF473E /* main.m in Sources */ = {isa = PBXBuildFile; fileRef = 845182EF20D8214A00BF473E /* main.m */; };
		845182F720D821B300BF473E /* MBEMetalViewMac.m in Sources */ = {isa = PBXBuildFile; fileRef = 845182F620D821B300BF473E /* MBEMetalViewMac.m */; };
		845182F820D821DD00BF473E /* MBEMetalView.m in Sources */ = {isa = PBXBuildFile; fileRef = 83E2D7A71BD598810006DDD8 /* MBEMetalView.m */; };
		845182FB20D8222100BF473E /* MBEMetalViewIOS.m in Sources */ = {isa = PBXBuildFile; fileRef = 845182FA20D8222100BF473E /* MBEMetalViewIOS.m */; };
		8451830020D8278F00BF473E /* ViewController.m in Sources */ = {isa = PBXBuildFile; fileRef = 83E2D7961BD597A30006DDD8 /* ViewController.m */; };
		8451830120D827C800BF473E /* MBEMathUtilities.m in Sources */ = {isa = PBXBuildFile; fileRef = 83E2D7B11BD598810006DDD8 /* MBEMathUtilities.m */; };
		8451830220D827C800BF473E /* MBERenderer.m in Sources */ = {isa = PBXBuildFile; fileRef = 83E2D7AC1BD598810006DDD8 /* MBERenderer.m */; };
		8451830320D827DC00BF473E /* Shaders.metal in Sources */ = {isa = PBXBuildFile; fileRef = 83E2D7AD1BD598810006DDD8 /* Shaders.metal */; };
/* End PBXBuildFile section */

/* Begin PBXFileReference section */
		83E2D78C1BD597A30006DDD8 /* DrawingIn3D.app */ = {isa = PBXFileReference; explicitFileType = wrapper.application; includeInIndex = 0; path = DrawingIn3D.app; sourceTree = BUILT_PRODUCTS_DIR; };
		83E2D7901BD597A30006DDD8 /* main.m */ = {isa = PBXFileReference; lastKnownFileType = sourcecode.c.objc; path = main.m; sourceTree = "<group>"; };
		83E2D7921BD597A30006DDD8 /* AppDelegate.h */ = {isa = PBXFileReference; lastKnownFileType = sourcecode.c.h; path = AppDelegate.h; sourceTree = "<group>"; };
		83E2D7931BD597A30006DDD8 /* AppDelegate.m */ = {isa = PBXFileReference; lastKnownFileType = sourcecode.c.objc; path = AppDelegate.m; sourceTree = "<group>"; };
		83E2D7951BD597A30006DDD8 /* ViewController.h */ = {isa = PBXFileReference; lastKnownFileType = sourcecode.c.h; path = ViewController.h; sourceTree = "<group>"; };
		83E2D7961BD597A30006DDD8 /* ViewController.m */ = {isa = PBXFileReference; lastKnownFileType = sourcecode.c.objc; path = ViewController.m; sourceTree = "<group>"; };
		83E2D7991BD597A30006DDD8 /* Base */ = {isa = PBXFileReference; lastKnownFileType = file.storyboard; name = Base; path = Base.lproj/Main.storyboard; sourceTree = "<group>"; };
		83E2D79B1BD597A30006DDD8 /* Assets.xcassets */ = {isa = PBXFileReference; lastKnownFileType = folder.assetcatalog; path = Assets.xcassets; sourceTree = "<group>"; };
		83E2D79E1BD597A30006DDD8 /* Base */ = {isa = PBXFileReference; lastKnownFileType = file.storyboard; name = Base; path = Base.lproj/LaunchScreen.storyboard; sourceTree = "<group>"; };
		83E2D7A01BD597A30006DDD8 /* Info.plist */ = {isa = PBXFileReference; lastKnownFileType = text.plist.xml; path = Info.plist; sourceTree = "<group>"; };
		83E2D7A61BD598810006DDD8 /* MBEMetalView.h */ = {isa = PBXFileReference; fileEncoding = 4; lastKnownFileType = sourcecode.c.h; path = MBEMetalView.h; sourceTree = "<group>"; };
		83E2D7A71BD598810006DDD8 /* MBEMetalView.m */ = {isa = PBXFileReference; fileEncoding = 4; lastKnownFileType = sourcecode.c.objc; path = MBEMetalView.m; sourceTree = "<group>"; };
		83E2D7AB1BD598810006DDD8 /* MBERenderer.h */ = {isa = PBXFileReference; fileEncoding = 4; lastKnownFileType = sourcecode.c.h; path = MBERenderer.h; sourceTree = "<group>"; };
		83E2D7AC1BD598810006DDD8 /* MBERenderer.m */ = {isa = PBXFileReference; fileEncoding = 4; lastKnownFileType = sourcecode.c.objc; path = MBERenderer.m; sourceTree = "<group>"; };
		83E2D7AD1BD598810006DDD8 /* Shaders.metal */ = {isa = PBXFileReference; fileEncoding = 4; lastKnownFileType = sourcecode.metal; path = Shaders.metal; sourceTree = "<group>"; };
		83E2D7B01BD598810006DDD8 /* MBEMathUtilities.h */ = {isa = PBXFileReference; fileEncoding = 4; lastKnownFileType = sourcecode.c.h; path = MBEMathUtilities.h; sourceTree = "<group>"; };
		83E2D7B11BD598810006DDD8 /* MBEMathUtilities.m */ = {isa = PBXFileReference; fileEncoding = 4; lastKnownFileType = sourcecode.c.objc; path = MBEMathUtilities.m; sourceTree = "<group>"; };
		845182E120D8214900BF473E /* Drawing in 3D.app */ = {isa = PBXFileReference; explicitFileType = wrapper.application; includeInIndex = 0; path = "Drawing in 3D.app"; sourceTree = BUILT_PRODUCTS_DIR; };
		845182E320D8214900BF473E /* AppDelegate.h */ = {isa = PBXFileReference; lastKnownFileType = sourcecode.c.h; path = AppDelegate.h; sourceTree = "<group>"; };
		845182E420D8214900BF473E /* AppDelegate.m */ = {isa = PBXFileReference; lastKnownFileType = sourcecode.c.objc; path = AppDelegate.m; sourceTree = "<group>"; };
		845182E920D8214A00BF473E /* Assets.xcassets */ = {isa = PBXFileReference; lastKnownFileType = folder.assetcatalog; path = Assets.xcassets; sourceTree = "<group>"; };
		845182EC20D8214A00BF473E /* Base */ = {isa = PBXFileReference; lastKnownFileType = file.storyboard; name = Base; path = Base.lproj/Main.storyboard; sourceTree = "<group>"; };
		845182EE20D8214A00BF473E /* Info.plist */ = {isa = PBXFileReference; lastKnownFileType = text.plist.xml; path = Info.plist; sourceTree = "<group>"; };
		845182EF20D8214A00BF473E /* main.m */ = {isa = PBXFileReference; lastKnownFileType = sourcecode.c.objc; path = main.m; sourceTree = "<group>"; };
		845182F120D8214A00BF473E /* DrawingIn3D_Mac.entitlements */ = {isa = PBXFileReference; lastKnownFileType = text.plist.entitlements; path = DrawingIn3D_Mac.entitlements; sourceTree = "<group>"; };
		845182F520D821B300BF473E /* MBEMetalViewMac.h */ = {isa = PBXFileReference; lastKnownFileType = sourcecode.c.h; path = MBEMetalViewMac.h; sourceTree = "<group>"; };
		845182F620D821B300BF473E /* MBEMetalViewMac.m */ = {isa = PBXFileReference; lastKnownFileType = sourcecode.c.objc; path = MBEMetalViewMac.m; sourceTree = "<group>"; };
		845182F920D8222100BF473E /* MBEMetalViewIOS.h */ = {isa = PBXFileReference; lastKnownFileType = sourcecode.c.h; path = MBEMetalViewIOS.h; sourceTree = "<group>"; };
		845182FA20D8222100BF473E /* MBEMetalViewIOS.m */ = {isa = PBXFileReference; lastKnownFileType = sourcecode.c.objc; path = MBEMetalViewIOS.m; sourceTree = "<group>"; };
/* End PBXFileReference section */

/* Begin PBXFrameworksBuildPhase section */
		83E2D7891BD597A30006DDD8 /* Frameworks */ = {
			isa = PBXFrameworksBuildPhase;
			buildActionMask = 2147483647;
			files = (
			);
			runOnlyForDeploymentPostprocessing = 0;
		};
		845182DE20D8214900BF473E /* Frameworks */ = {
			isa = PBXFrameworksBuildPhase;
			buildActionMask = 2147483647;
			files = (
			);
			runOnlyForDeploymentPostprocessing = 0;
		};
/* End PBXFrameworksBuildPhase section */

/* Begin PBXGroup section */
		83E2D7831BD597A30006DDD8 = {
			isa = PBXGroup;
			children = (
				83E2D78E1BD597A30006DDD8 /* DrawingIn3D */,
				845182E220D8214900BF473E /* DrawingIn3D-Mac */,
				83E2D78D1BD597A30006DDD8 /* Products */,
			);
			sourceTree = "<group>";
		};
		83E2D78D1BD597A30006DDD8 /* Products */ = {
			isa = PBXGroup;
			children = (
				83E2D78C1BD597A30006DDD8 /* DrawingIn3D.app */,
				845182E120D8214900BF473E /* Drawing in 3D.app */,
			);
			name = Products;
			sourceTree = "<group>";
		};
		83E2D78E1BD597A30006DDD8 /* DrawingIn3D */ = {
			isa = PBXGroup;
			children = (
				83E2D7921BD597A30006DDD8 /* AppDelegate.h */,
				83E2D7931BD597A30006DDD8 /* AppDelegate.m */,
				83E2D79B1BD597A30006DDD8 /* Assets.xcassets */,
				83E2D7A01BD597A30006DDD8 /* Info.plist */,
				83E2D79D1BD597A30006DDD8 /* LaunchScreen.storyboard */,
				83E2D7981BD597A30006DDD8 /* Main.storyboard */,
				83E2D7B01BD598810006DDD8 /* MBEMathUtilities.h */,
				83E2D7B11BD598810006DDD8 /* MBEMathUtilities.m */,
				83E2D7A61BD598810006DDD8 /* MBEMetalView.h */,
				83E2D7A71BD598810006DDD8 /* MBEMetalView.m */,
				845182F920D8222100BF473E /* MBEMetalViewIOS.h */,
				845182FA20D8222100BF473E /* MBEMetalViewIOS.m */,
				83E2D7AB1BD598810006DDD8 /* MBERenderer.h */,
				83E2D7AC1BD598810006DDD8 /* MBERenderer.m */,
				83E2D7AD1BD598810006DDD8 /* Shaders.metal */,
				83E2D78F1BD597A30006DDD8 /* Supporting Files */,
				83E2D7951BD597A30006DDD8 /* ViewController.h */,
				83E2D7961BD597A30006DDD8 /* ViewController.m */,
			);
			path = DrawingIn3D;
			sourceTree = "<group>";
		};
		83E2D78F1BD597A30006DDD8 /* Supporting Files */ = {
			isa = PBXGroup;
			children = (
				83E2D7901BD597A30006DDD8 /* main.m */,
			);
			name = "Supporting Files";
			sourceTree = "<group>";
		};
		845182E220D8214900BF473E /* DrawingIn3D-Mac */ = {
			isa = PBXGroup;
			children = (
				845182E320D8214900BF473E /* AppDelegate.h */,
				845182E420D8214900BF473E /* AppDelegate.m */,
				845182E920D8214A00BF473E /* Assets.xcassets */,
				845182F120D8214A00BF473E /* DrawingIn3D_Mac.entitlements */,
				845182EE20D8214A00BF473E /* Info.plist */,
				845182EF20D8214A00BF473E /* main.m */,
				845182EB20D8214A00BF473E /* Main.storyboard */,
				845182F520D821B300BF473E /* MBEMetalViewMac.h */,
				845182F620D821B300BF473E /* MBEMetalViewMac.m */,
			);
			path = "DrawingIn3D-Mac";
			sourceTree = "<group>";
		};
/* End PBXGroup section */

/* Begin PBXNativeTarget section */
		83E2D78B1BD597A30006DDD8 /* DrawingIn3D */ = {
			isa = PBXNativeTarget;
			buildConfigurationList = 83E2D7A31BD597A30006DDD8 /* Build configuration list for PBXNativeTarget "DrawingIn3D" */;
			buildPhases = (
				83E2D7881BD597A30006DDD8 /* Sources */,
				83E2D7891BD597A30006DDD8 /* Frameworks */,
				83E2D78A1BD597A30006DDD8 /* Resources */,
			);
			buildRules = (
			);
			dependencies = (
			);
			name = DrawingIn3D;
			productName = DrawingIn3D;
			productReference = 83E2D78C1BD597A30006DDD8 /* DrawingIn3D.app */;
			productType = "com.apple.product-type.application";
		};
		845182E020D8214900BF473E /* DrawingIn3D-Mac */ = {
			isa = PBXNativeTarget;
			buildConfigurationList = 845182F220D8214A00BF473E /* Build configuration list for PBXNativeTarget "DrawingIn3D-Mac" */;
			buildPhases = (
				845182DD20D8214900BF473E /* Sources */,
				845182DE20D8214900BF473E /* Frameworks */,
				845182DF20D8214900BF473E /* Resources */,
			);
			buildRules = (
			);
			dependencies = (
			);
			name = "DrawingIn3D-Mac";
			productName = "DrawingIn3D-Mac";
			productReference = 845182E120D8214900BF473E /* Drawing in 3D.app */;
			productType = "com.apple.product-type.application";
		};
/* End PBXNativeTarget section */

/* Begin PBXProject section */
		83E2D7841BD597A30006DDD8 /* Project object */ = {
			isa = PBXProject;
			attributes = {
				LastUpgradeCheck = 0940;
				ORGANIZATIONNAME = "Metal by Example";
				TargetAttributes = {
					83E2D78B1BD597A30006DDD8 = {
						CreatedOnToolsVersion = 7.0;
					};
					845182E020D8214900BF473E = {
						CreatedOnToolsVersion = 9.4;
						ProvisioningStyle = Automatic;
					};
				};
			};
			buildConfigurationList = 83E2D7871BD597A30006DDD8 /* Build configuration list for PBXProject "DrawingIn3D" */;
			compatibilityVersion = "Xcode 3.2";
			developmentRegion = English;
			hasScannedForEncodings = 0;
			knownRegions = (
				en,
				Base,
			);
			mainGroup = 83E2D7831BD597A30006DDD8;
			productRefGroup = 83E2D78D1BD597A30006DDD8 /* Products */;
			projectDirPath = "";
			projectRoot = "";
			targets = (
				83E2D78B1BD597A30006DDD8 /* DrawingIn3D */,
				845182E020D8214900BF473E /* DrawingIn3D-Mac */,
			);
		};
/* End PBXProject section */

/* Begin PBXResourcesBuildPhase section */
		83E2D78A1BD597A30006DDD8 /* Resources */ = {
			isa = PBXResourcesBuildPhase;
			buildActionMask = 2147483647;
			files = (
				83E2D79F1BD597A30006DDD8 /* LaunchScreen.storyboard in Resources */,
				83E2D79C1BD597A30006DDD8 /* Assets.xcassets in Resources */,
				83E2D79A1BD597A30006DDD8 /* Main.storyboard in Resources */,
			);
			runOnlyForDeploymentPostprocessing = 0;
		};
		845182DF20D8214900BF473E /* Resources */ = {
			isa = PBXResourcesBuildPhase;
			buildActionMask = 2147483647;
			files = (
				845182EA20D8214A00BF473E /* Assets.xcassets in Resources */,
				845182ED20D8214A00BF473E /* Main.storyboard in Resources */,
			);
			runOnlyForDeploymentPostprocessing = 0;
		};
/* End PBXResourcesBuildPhase section */

/* Begin PBXSourcesBuildPhase section */
		83E2D7881BD597A30006DDD8 /* Sources */ = {
			isa = PBXSourcesBuildPhase;
			buildActionMask = 2147483647;
			files = (
				83E2D7971BD597A30006DDD8 /* ViewController.m in Sources */,
				845182FB20D8222100BF473E /* MBEMetalViewIOS.m in Sources */,
				83E2D7B61BD598810006DDD8 /* Shaders.metal in Sources */,
				83E2D7941BD597A30006DDD8 /* AppDelegate.m in Sources */,
				83E2D7B51BD598810006DDD8 /* MBERenderer.m in Sources */,
				83E2D7B81BD598810006DDD8 /* MBEMathUtilities.m in Sources */,
				83E2D7911BD597A30006DDD8 /* main.m in Sources */,
				83E2D7B21BD598810006DDD8 /* MBEMetalView.m in Sources */,
			);
			runOnlyForDeploymentPostprocessing = 0;
		};
		845182DD20D8214900BF473E /* Sources */ = {
			isa = PBXSourcesBuildPhase;
			buildActionMask = 2147483647;
			files = (
				8451830320D827DC00BF473E /* Shaders.metal in Sources */,
				8451830020D8278F00BF473E /* ViewController.m in Sources */,
				8451830120D827C800BF473E /* MBEMathUtilities.m in Sources */,
				845182F020D8214A00BF473E /* main.m in Sources */,
				845182E520D8214900BF473E /* AppDelegate.m in Sources */,
				8451830220D827C800BF473E /* MBERenderer.m in Sources */,
				845182F820D821DD00BF473E /* MBEMetalView.m in Sources */,
				845182F720D821B300BF473E /* MBEMetalViewMac.m in Sources */,
			);
			runOnlyForDeploymentPostprocessing = 0;
		};
/* End PBXSourcesBuildPhase section */

/* Begin PBXVariantGroup section */
		83E2D7981BD597A30006DDD8 /* Main.storyboard */ = {
			isa = PBXVariantGroup;
			children = (
				83E2D7991BD597A30006DDD8 /* Base */,
			);
			name = Main.storyboard;
			sourceTree = "<group>";
		};
		83E2D79D1BD597A30006DDD8 /* LaunchScreen.storyboard */ = {
			isa = PBXVariantGroup;
			children = (
				83E2D79E1BD597A30006DDD8 /* Base */,
			);
			name = LaunchScreen.storyboard;
			sourceTree = "<group>";
		};
		845182EB20D8214A00BF473E /* Main.storyboard */ = {
			isa = PBXVariantGroup;
			children = (
				845182EC20D8214A00BF473E /* Base */,
			);
			name = Main.storyboard;
			sourceTree = "<group>";
		};
/* End PBXVariantGroup section */

/* Begin XCBuildConfiguration section */
		83E2D7A11BD597A30006DDD8 /* Debug */ = {
			isa = XCBuildConfiguration;
			buildSettings = {
				ALWAYS_SEARCH_USER_PATHS = NO;
				CLANG_CXX_LANGUAGE_STANDARD = "gnu++0x";
				CLANG_CXX_LIBRARY = "libc++";
				CLANG_ENABLE_MODULES = YES;
				CLANG_ENABLE_OBJC_ARC = YES;
				CLANG_WARN_BLOCK_CAPTURE_AUTORELEASING = YES;
				CLANG_WARN_BOOL_CONVERSION = YES;
				CLANG_WARN_COMMA = YES;
				CLANG_WARN_CONSTANT_CONVERSION = YES;
				CLANG_WARN_DEPRECATED_OBJC_IMPLEMENTATIONS = YES;
				CLANG_WARN_DIRECT_OBJC_ISA_USAGE = YES_ERROR;
				CLANG_WARN_EMPTY_BODY = YES;
				CLANG_WARN_ENUM_CONVERSION = YES;
				CLANG_WARN_INFINITE_RECURSION = YES;
				CLANG_WARN_INT_CONVERSION = YES;
				CLANG_WARN_NON_LITERAL_NULL_CONVERSION = YES;
				CLANG_WARN_OBJC_IMPLICIT_RETAIN_SELF = YES;
				CLANG_WARN_OBJC_LITERAL_CONVERSION = YES;
				CLANG_WARN_OBJC_ROOT_CLASS = YES_ERROR;
				CLANG_WARN_RANGE_LOOP_ANALYSIS = YES;
				CLANG_WARN_STRICT_PROTOTYPES = YES;
				CLANG_WARN_SUSPICIOUS_MOVE = YES;
				CLANG_WARN_UNREACHABLE_CODE = YES;
				CLANG_WARN__DUPLICATE_METHOD_MATCH = YES;
				"CODE_SIGN_IDENTITY[sdk=iphoneos*]" = "iPhone Developer";
				COPY_PHASE_STRIP = NO;
				DEBUG_INFORMATION_FORMAT = dwarf;
				ENABLE_STRICT_OBJC_MSGSEND = YES;
				ENABLE_TESTABILITY = YES;
				GCC_C_LANGUAGE_STANDARD = gnu99;
				GCC_DYNAMIC_NO_PIC = NO;
				GCC_NO_COMMON_BLOCKS = YES;
				GCC_OPTIMIZATION_LEVEL = 0;
				GCC_PREPROCESSOR_DEFINITIONS = (
					"DEBUG=1",
					"$(inherited)",
				);
				GCC_WARN_64_TO_32_BIT_CONVERSION = YES;
				GCC_WARN_ABOUT_RETURN_TYPE = YES_ERROR;
				GCC_WARN_UNDECLARED_SELECTOR = YES;
				GCC_WARN_UNINITIALIZED_AUTOS = YES_AGGRESSIVE;
				GCC_WARN_UNUSED_FUNCTION = YES;
				GCC_WARN_UNUSED_VARIABLE = YES;
				IPHONEOS_DEPLOYMENT_TARGET = 9.0;
				MTL_ENABLE_DEBUG_INFO = YES;
				ONLY_ACTIVE_ARCH = YES;
				SDKROOT = iphoneos;
				TARGETED_DEVICE_FAMILY = "1,2";
			};
			name = Debug;
		};
		83E2D7A21BD597A30006DDD8 /* Release */ = {
			isa = XCBuildConfiguration;
			buildSettings = {
				ALWAYS_SEARCH_USER_PATHS = NO;
				CLANG_CXX_LANGUAGE_STANDARD = "gnu++0x";
				CLANG_CXX_LIBRARY = "libc++";
				CLANG_ENABLE_MODULES = YES;
				CLANG_ENABLE_OBJC_ARC = YES;
				CLANG_WARN_BLOCK_CAPTURE_AUTORELEASING = YES;
				CLANG_WARN_BOOL_CONVERSION = YES;
				CLANG_WARN_COMMA = YES;
				CLANG_WARN_CONSTANT_CONVERSION = YES;
				CLANG_WARN_DEPRECATED_OBJC_IMPLEMENTATIONS = YES;
				CLANG_WARN_DIRECT_OBJC_ISA_USAGE = YES_ERROR;
				CLANG_WARN_EMPTY_BODY = YES;
				CLANG_WARN_ENUM_CONVERSION = YES;
				CLANG_WARN_INFINITE_RECURSION = YES;
				CLANG_WARN_INT_CONVERSION = YES;
				CLANG_WARN_NON_LITERAL_NULL_CONVERSION = YES;
				CLANG_WARN_OBJC_IMPLICIT_RETAIN_SELF = YES;
				CLANG_WARN_OBJC_LITERAL_CONVERSION = YES;
				CLANG_WARN_OBJC_ROOT_CLASS = YES_ERROR;
				CLANG_WARN_RANGE_LOOP_ANALYSIS = YES;
				CLANG_WARN_STRICT_PROTOTYPES = YES;
				CLANG_WARN_SUSPICIOUS_MOVE = YES;
				CLANG_WARN_UNREACHABLE_CODE = YES;
				CLANG_WARN__DUPLICATE_METHOD_MATCH = YES;
				"CODE_SIGN_IDENTITY[sdk=iphoneos*]" = "iPhone Developer";
				COPY_PHASE_STRIP = NO;
				DEBUG_INFORMATION_FORMAT = "dwarf-with-dsym";
				ENABLE_NS_ASSERTIONS = NO;
				ENABLE_STRICT_OBJC_MSGSEND = YES;
				GCC_C_LANGUAGE_STANDARD = gnu99;
				GCC_NO_COMMON_BLOCKS = YES;
				GCC_WARN_64_TO_32_BIT_CONVERSION = YES;
				GCC_WARN_ABOUT_RETURN_TYPE = YES_ERROR;
				GCC_WARN_UNDECLARED_SELECTOR = YES;
				GCC_WARN_UNINITIALIZED_AUTOS = YES_AGGRESSIVE;
				GCC_WARN_UNUSED_FUNCTION = YES;
				GCC_WARN_UNUSED_VARIABLE = YES;
				IPHONEOS_DEPLOYMENT_TARGET = 9.0;
				MTL_ENABLE_DEBUG_INFO = NO;
				SDKROOT = iphoneos;
				TARGETED_DEVICE_FAMILY = "1,2";
				VALIDATE_PRODUCT = YES;
			};
			name = Release;
		};
		83E2D7A41BD597A30006DDD8 /* Debug */ = {
			isa = XCBuildConfiguration;
			buildSettings = {
				ASSETCATALOG_COMPILER_APPICON_NAME = AppIcon;
				INFOPLIST_FILE = DrawingIn3D/Info.plist;
				IPHONEOS_DEPLOYMENT_TARGET = 8.4;
				LD_RUNPATH_SEARCH_PATHS = "$(inherited) @executable_path/Frameworks";
				PRODUCT_BUNDLE_IDENTIFIER = com.metalbyexample.DrawingIn3D;
				PRODUCT_NAME = "$(TARGET_NAME)";
			};
			name = Debug;
		};
		83E2D7A51BD597A30006DDD8 /* Release */ = {
			isa = XCBuildConfiguration;
			buildSettings = {
				ASSETCATALOG_COMPILER_APPICON_NAME = AppIcon;
				INFOPLIST_FILE = DrawingIn3D/Info.plist;
				IPHONEOS_DEPLOYMENT_TARGET = 8.4;
				LD_RUNPATH_SEARCH_PATHS = "$(inherited) @executable_path/Frameworks";
				PRODUCT_BUNDLE_IDENTIFIER = com.metalbyexample.DrawingIn3D;
				PRODUCT_NAME = "$(TARGET_NAME)";
			};
			name = Release;
		};
		845182F320D8214A00BF473E /* Debug */ = {
			isa = XCBuildConfiguration;
			buildSettings = {
				ASSETCATALOG_COMPILER_APPICON_NAME = AppIcon;
				CLANG_ANALYZER_NONNULL = YES;
				CLANG_ANALYZER_NUMBER_OBJECT_CONVERSION = YES_AGGRESSIVE;
				CLANG_CXX_LANGUAGE_STANDARD = "gnu++14";
				CLANG_ENABLE_OBJC_WEAK = YES;
				CLANG_WARN_DOCUMENTATION_COMMENTS = YES;
				CLANG_WARN_UNGUARDED_AVAILABILITY = YES_AGGRESSIVE;
				CODE_SIGN_ENTITLEMENTS = "DrawingIn3D-Mac/DrawingIn3D_Mac.entitlements";
				CODE_SIGN_IDENTITY = "-";
				CODE_SIGN_STYLE = Automatic;
				COMBINE_HIDPI_IMAGES = YES;
				GCC_C_LANGUAGE_STANDARD = gnu11;
				INFOPLIST_FILE = "DrawingIn3D-Mac/Info.plist";
				LD_RUNPATH_SEARCH_PATHS = "$(inherited) @executable_path/../Frameworks";
				MACOSX_DEPLOYMENT_TARGET = 10.13;
				PRODUCT_BUNDLE_IDENTIFIER = "com.Metal-by-Example.DrawingIn3D-Mac";
				PRODUCT_NAME = "Drawing in 3D";
				SDKROOT = macosx;
			};
			name = Debug;
		};
		845182F420D8214A00BF473E /* Release */ = {
			isa = XCBuildConfiguration;
			buildSettings = {
				ASSETCATALOG_COMPILER_APPICON_NAME = AppIcon;
				CLANG_ANALYZER_NONNULL = YES;
				CLANG_ANALYZER_NUMBER_OBJECT_CONVERSION = YES_AGGRESSIVE;
				CLANG_CXX_LANGUAGE_STANDARD = "gnu++14";
				CLANG_ENABLE_OBJC_WEAK = YES;
				CLANG_WARN_DOCUMENTATION_COMMENTS = YES;
				CLANG_WARN_UNGUARDED_AVAILABILITY = YES_AGGRESSIVE;
				CODE_SIGN_ENTITLEMENTS = "DrawingIn3D-Mac/DrawingIn3D_Mac.entitlements";
				CODE_SIGN_IDENTITY = "-";
				CODE_SIGN_STYLE = Automatic;
				COMBINE_HIDPI_IMAGES = YES;
				GCC_C_LANGUAGE_STANDARD = gnu11;
				INFOPLIST_FILE = "DrawingIn3D-Mac/Info.plist";
				LD_RUNPATH_SEARCH_PATHS = "$(inherited) @executable_path/../Frameworks";
				MACOSX_DEPLOYMENT_TARGET = 10.13;
				PRODUCT_BUNDLE_IDENTIFIER = "com.Metal-by-Example.DrawingIn3D-Mac";
				PRODUCT_NAME = "Drawing in 3D";
				SDKROOT = macosx;
			};
			name = Release;
		};
/* End XCBuildConfiguration section */

/* Begin XCConfigurationList section */
		83E2D7871BD597A30006DDD8 /* Build configuration list for PBXProject "DrawingIn3D" */ = {
			isa = XCConfigurationList;
			buildConfigurations = (
				83E2D7A11BD597A30006DDD8 /* Debug */,
				83E2D7A21BD597A30006DDD8 /* Release */,
			);
			defaultConfigurationIsVisible = 0;
			defaultConfigurationName = Release;
		};
		83E2D7A31BD597A30006DDD8 /* Build configuration list for PBXNativeTarget "DrawingIn3D" */ = {
			isa = XCConfigurationList;
			buildConfigurations = (
				83E2D7A41BD597A30006DDD8 /* Debug */,
				83E2D7A51BD597A30006DDD8 /* Release */,
			);
			defaultConfigurationIsVisible = 0;
			defaultConfigurationName = Release;
		};
		845182F220D8214A00BF473E /* Build configuration list for PBXNativeTarget "DrawingIn3D-Mac" */ = {
			isa = XCConfigurationList;
			buildConfigurations = (
				845182F320D8214A00BF473E /* Debug */,
				845182F420D8214A00BF473E /* Release */,
			);
			defaultConfigurationIsVisible = 0;
			defaultConfigurationName = Release;
		};
/* End XCConfigurationList section */
	};
	rootObject = 83E2D7841BD597A30006DDD8 /* Project object */;
}
