// !$*UTF8*$!
{
	archiveVersion = 1;
	classes = {
	};
	objectVersion = 46;
	objects = {

/* Begin PBXBuildFile section */
		833FBBA81BBE0B0E001EFE4D /* main.m in Sources */ = {isa = PBXBuildFile; fileRef = 833FBBA71BBE0B0E001EFE4D /* main.m */; };
		833FBBAB1BBE0B0E001EFE4D /* AppDelegate.m in Sources */ = {isa = PBXBuildFile; fileRef = 833FBBAA1BBE0B0E001EFE4D /* AppDelegate.m */; };
		833FBBAE1BBE0B0E001EFE4D /* ViewController.m in Sources */ = {isa = PBXBuildFile; fileRef = 833FBBAD1BBE0B0E001EFE4D /* ViewController.m */; };
		833FBBB11BBE0B0E001EFE4D /* Main.storyboard in Resources */ = {isa = PBXBuildFile; fileRef = 833FBBAF1BBE0B0E001EFE4D /* Main.storyboard */; };
		833FBBB31BBE0B0E001EFE4D /* Assets.xcassets in Resources */ = {isa = PBXBuildFile; fileRef = 833FBBB21BBE0B0E001EFE4D /* Assets.xcassets */; };
		833FBBB61BBE0B0E001EFE4D /* LaunchScreen.storyboard in Resources */ = {isa = PBXBuildFile; fileRef = 833FBBB41BBE0B0E001EFE4D /* LaunchScreen.storyboard */; };
		833FBBBF1BBE0C19001EFE4D /* MBEMetalView.m in Sources */ = {isa = PBXBuildFile; fileRef = 833FBBBE1BBE0C19001EFE4D /* MBEMetalView.m */; };
		845182A920D7ECBD00BF473E /* AppDelegate.m in Sources */ = {isa = PBXBuildFile; fileRef = 845182A820D7ECBD00BF473E /* AppDelegate.m */; };
		845182AC20D7ECBD00BF473E /* ViewController.m in Sources */ = {isa = PBXBuildFile; fileRef = 845182AB20D7ECBD00BF473E /* ViewController.m */; };
		845182AE20D7ECBE00BF473E /* Assets.xcassets in Resources */ = {isa = PBXBuildFile; fileRef = 845182AD20D7ECBE00BF473E /* Assets.xcassets */; };
		845182B120D7ECBE00BF473E /* Main.storyboard in Resources */ = {isa = PBXBuildFile; fileRef = 845182AF20D7ECBE00BF473E /* Main.storyboard */; };
		845182B420D7ECBE00BF473E /* main.m in Sources */ = {isa = PBXBuildFile; fileRef = 845182B320D7ECBE00BF473E /* main.m */; };
		845182B920D7ED1300BF473E /* MBEMetalView.m in Sources */ = {isa = PBXBuildFile; fileRef = 833FBBBE1BBE0C19001EFE4D /* MBEMetalView.m */; };
/* End PBXBuildFile section */

/* Begin PBXFileReference section */
		833FBBA31BBE0B0E001EFE4D /* ClearScreen.app */ = {isa = PBXFileReference; explicitFileType = wrapper.application; includeInIndex = 0; path = ClearScreen.app; sourceTree = BUILT_PRODUCTS_DIR; };
		833FBBA71BBE0B0E001EFE4D /* main.m */ = {isa = PBXFileReference; lastKnownFileType = sourcecode.c.objc; path = main.m; sourceTree = "<group>"; };
		833FBBA91BBE0B0E001EFE4D /* AppDelegate.h */ = {isa = PBXFileReference; lastKnownFileType = sourcecode.c.h; path = AppDelegate.h; sourceTree = "<group>"; };
		833FBBAA1BBE0B0E001EFE4D /* AppDelegate.m */ = {isa = PBXFileReference; lastKnownFileType = sourcecode.c.objc; path = AppDelegate.m; sourceTree = "<group>"; };
		833FBBAC1BBE0B0E001EFE4D /* ViewController.h */ = {isa = PBXFileReference; lastKnownFileType = sourcecode.c.h; path = ViewController.h; sourceTree = "<group>"; };
		833FBBAD1BBE0B0E001EFE4D /* ViewController.m */ = {isa = PBXFileReference; lastKnownFileType = sourcecode.c.objc; path = ViewController.m; sourceTree = "<group>"; };
		833FBBB01BBE0B0E001EFE4D /* Base */ = {isa = PBXFileReference; lastKnownFileType = file.storyboard; name = Base; path = Base.lproj/Main.storyboard; sourceTree = "<group>"; };
		833FBBB21BBE0B0E001EFE4D /* Assets.xcassets */ = {isa = PBXFileReference; lastKnownFileType = folder.assetcatalog; path = Assets.xcassets; sourceTree = "<group>"; };
		833FBBB51BBE0B0E001EFE4D /* Base */ = {isa = PBXFileReference; lastKnownFileType = file.storyboard; name = Base; path = Base.lproj/LaunchScreen.storyboard; sourceTree = "<group>"; };
		833FBBB71BBE0B0E001EFE4D /* Info.plist */ = {isa = PBXFileReference; lastKnownFileType = text.plist.xml; path = Info.plist; sourceTree = "<group>"; };
		833FBBBD1BBE0C19001EFE4D /* MBEMetalView.h */ = {isa = PBXFileReference; fileEncoding = 4; lastKnownFileType = sourcecode.c.h; path = MBEMetalView.h; sourceTree = "<group>"; };
		833FBBBE1BBE0C19001EFE4D /* MBEMetalView.m */ = {isa = PBXFileReference; fileEncoding = 4; lastKnownFileType = sourcecode.c.objc; path = MBEMetalView.m; sourceTree = "<group>"; };
		845182A520D7ECBD00BF473E /* Clear Screen.app */ = {isa = PBXFileReference; explicitFileType = wrapper.application; includeInIndex = 0; path = "Clear Screen.app"; sourceTree = BUILT_PRODUCTS_DIR; };
		845182A720D7ECBD00BF473E /* AppDelegate.h */ = {isa = PBXFileReference; lastKnownFileType = sourcecode.c.h; path = AppDelegate.h; sourceTree = "<group>"; };
		845182A820D7ECBD00BF473E /* AppDelegate.m */ = {isa = PBXFileReference; lastKnownFileType = sourcecode.c.objc; path = AppDelegate.m; sourceTree = "<group>"; };
		845182AA20D7ECBD00BF473E /* ViewController.h */ = {isa = PBXFileReference; lastKnownFileType = sourcecode.c.h; path = ViewController.h; sourceTree = "<group>"; };
		845182AB20D7ECBD00BF473E /* ViewController.m */ = {isa = PBXFileReference; lastKnownFileType = sourcecode.c.objc; path = ViewController.m; sourceTree = "<group>"; };
		845182AD20D7ECBE00BF473E /* Assets.xcassets */ = {isa = PBXFileReference; lastKnownFileType = folder.assetcatalog; path = Assets.xcassets; sourceTree = "<group>"; };
		845182B020D7ECBE00BF473E /* Base */ = {isa = PBXFileReference; lastKnownFileType = file.storyboard; name = Base; path = Base.lproj/Main.storyboard; sourceTree = "<group>"; };
		845182B220D7ECBE00BF473E /* Info.plist */ = {isa = PBXFileReference; lastKnownFileType = text.plist.xml; path = Info.plist; sourceTree = "<group>"; };
		845182B320D7ECBE00BF473E /* main.m */ = {isa = PBXFileReference; lastKnownFileType = sourcecode.c.objc; path = main.m; sourceTree = "<group>"; };
		845182B520D7ECBE00BF473E /* ClearScreen_Mac.entitlements */ = {isa = PBXFileReference; lastKnownFileType = text.plist.entitlements; path = ClearScreen_Mac.entitlements; sourceTree = "<group>"; };
		845182BD20D7FAC100BF473E /* Config.xcconfig */ = {isa = PBXFileReference; lastKnownFileType = text.xcconfig; path = Config.xcconfig; sourceTree = "<group>"; };
/* End PBXFileReference section */

/* Begin PBXFrameworksBuildPhase section */
		833FBBA01BBE0B0E001EFE4D /* Frameworks */ = {
			isa = PBXFrameworksBuildPhase;
			buildActionMask = 2147483647;
			files = (
			);
			runOnlyForDeploymentPostprocessing = 0;
		};
		845182A220D7ECBD00BF473E /* Frameworks */ = {
			isa = PBXFrameworksBuildPhase;
			buildActionMask = 2147483647;
			files = (
			);
			runOnlyForDeploymentPostprocessing = 0;
		};
/* End PBXFrameworksBuildPhase section */

/* Begin PBXGroup section */
		833FBB9A1BBE0B0E001EFE4D = {
			isa = PBXGroup;
			children = (
				845182BD20D7FAC100BF473E /* Config.xcconfig */,
				833FBBA51BBE0B0E001EFE4D /* ClearScreen */,
				845182A620D7ECBD00BF473E /* ClearScreen-Mac */,
				833FBBA41BBE0B0E001EFE4D /* Products */,
			);
			sourceTree = "<group>";
		};
		833FBBA41BBE0B0E001EFE4D /* Products */ = {
			isa = PBXGroup;
			children = (
				833FBBA31BBE0B0E001EFE4D /* ClearScreen.app */,
				845182A520D7ECBD00BF473E /* Clear Screen.app */,
			);
			name = Products;
			sourceTree = "<group>";
		};
		833FBBA51BBE0B0E001EFE4D /* ClearScreen */ = {
			isa = PBXGroup;
			children = (
				833FBBBD1BBE0C19001EFE4D /* MBEMetalView.h */,
				833FBBBE1BBE0C19001EFE4D /* MBEMetalView.m */,
				833FBBA91BBE0B0E001EFE4D /* AppDelegate.h */,
				833FBBAA1BBE0B0E001EFE4D /* AppDelegate.m */,
				833FBBAC1BBE0B0E001EFE4D /* ViewController.h */,
				833FBBAD1BBE0B0E001EFE4D /* ViewController.m */,
				833FBBAF1BBE0B0E001EFE4D /* Main.storyboard */,
				833FBBB21BBE0B0E001EFE4D /* Assets.xcassets */,
				833FBBB41BBE0B0E001EFE4D /* LaunchScreen.storyboard */,
				833FBBB71BBE0B0E001EFE4D /* Info.plist */,
				833FBBA61BBE0B0E001EFE4D /* Supporting Files */,
			);
			path = ClearScreen;
			sourceTree = "<group>";
		};
		833FBBA61BBE0B0E001EFE4D /* Supporting Files */ = {
			isa = PBXGroup;
			children = (
				833FBBA71BBE0B0E001EFE4D /* main.m */,
			);
			name = "Supporting Files";
			sourceTree = "<group>";
		};
		845182A620D7ECBD00BF473E /* ClearScreen-Mac */ = {
			isa = PBXGroup;
			children = (
				845182A720D7ECBD00BF473E /* AppDelegate.h */,
				845182A820D7ECBD00BF473E /* AppDelegate.m */,
				845182AA20D7ECBD00BF473E /* ViewController.h */,
				845182AB20D7ECBD00BF473E /* ViewController.m */,
				845182AD20D7ECBE00BF473E /* Assets.xcassets */,
				845182AF20D7ECBE00BF473E /* Main.storyboard */,
				845182B220D7ECBE00BF473E /* Info.plist */,
				845182B320D7ECBE00BF473E /* main.m */,
				845182B520D7ECBE00BF473E /* ClearScreen_Mac.entitlements */,
			);
			path = "ClearScreen-Mac";
			sourceTree = "<group>";
		};
/* End PBXGroup section */

/* Begin PBXNativeTarget section */
		833FBBA21BBE0B0E001EFE4D /* ClearScreen */ = {
			isa = PBXNativeTarget;
			buildConfigurationList = 833FBBBA1BBE0B0E001EFE4D /* Build configuration list for PBXNativeTarget "ClearScreen" */;
			buildPhases = (
				833FBB9F1BBE0B0E001EFE4D /* Sources */,
				833FBBA01BBE0B0E001EFE4D /* Frameworks */,
				833FBBA11BBE0B0E001EFE4D /* Resources */,
			);
			buildRules = (
			);
			dependencies = (
			);
			name = ClearScreen;
			productName = ClearScreen;
			productReference = 833FBBA31BBE0B0E001EFE4D /* ClearScreen.app */;
			productType = "com.apple.product-type.application";
		};
		845182A420D7ECBD00BF473E /* ClearScreen-Mac */ = {
			isa = PBXNativeTarget;
			buildConfigurationList = 845182B620D7ECBE00BF473E /* Build configuration list for PBXNativeTarget "ClearScreen-Mac" */;
			buildPhases = (
				845182A120D7ECBD00BF473E /* Sources */,
				845182A220D7ECBD00BF473E /* Frameworks */,
				845182A320D7ECBD00BF473E /* Resources */,
			);
			buildRules = (
			);
			dependencies = (
			);
			name = "ClearScreen-Mac";
			productName = "ClearScreen-Mac";
			productReference = 845182A520D7ECBD00BF473E /* Clear Screen.app */;
			productType = "com.apple.product-type.application";
		};
/* End PBXNativeTarget section */

/* Begin PBXProject section */
		833FBB9B1BBE0B0E001EFE4D /* Project object */ = {
			isa = PBXProject;
			attributes = {
				LastUpgradeCheck = 0940;
				ORGANIZATIONNAME = "Metal by Example";
				TargetAttributes = {
					833FBBA21BBE0B0E001EFE4D = {
						CreatedOnToolsVersion = 7.0;
					};
					845182A420D7ECBD00BF473E = {
						CreatedOnToolsVersion = 9.4;
						ProvisioningStyle = Automatic;
					};
				};
			};
			buildConfigurationList = 833FBB9E1BBE0B0E001EFE4D /* Build configuration list for PBXProject "ClearScreen" */;
			compatibilityVersion = "Xcode 3.2";
			developmentRegion = English;
			hasScannedForEncodings = 0;
			knownRegions = (
				en,
				Base,
			);
			mainGroup = 833FBB9A1BBE0B0E001EFE4D;
			productRefGroup = 833FBBA41BBE0B0E001EFE4D /* Products */;
			projectDirPath = "";
			projectRoot = "";
			targets = (
				833FBBA21BBE0B0E001EFE4D /* ClearScreen */,
				845182A420D7ECBD00BF473E /* ClearScreen-Mac */,
			);
		};
/* End PBXProject section */

/* Begin PBXResourcesBuildPhase section */
		833FBBA11BBE0B0E001EFE4D /* Resources */ = {
			isa = PBXResourcesBuildPhase;
			buildActionMask = 2147483647;
			files = (
				833FBBB61BBE0B0E001EFE4D /* LaunchScreen.storyboard in Resources */,
				833FBBB31BBE0B0E001EFE4D /* Assets.xcassets in Resources */,
				833FBBB11BBE0B0E001EFE4D /* Main.storyboard in Resources */,
			);
			runOnlyForDeploymentPostprocessing = 0;
		};
		845182A320D7ECBD00BF473E /* Resources */ = {
			isa = PBXResourcesBuildPhase;
			buildActionMask = 2147483647;
			files = (
				845182AE20D7ECBE00BF473E /* Assets.xcassets in Resources */,
				845182B120D7ECBE00BF473E /* Main.storyboard in Resources */,
			);
			runOnlyForDeploymentPostprocessing = 0;
		};
/* End PBXResourcesBuildPhase section */

/* Begin PBXSourcesBuildPhase section */
		833FBB9F1BBE0B0E001EFE4D /* Sources */ = {
			isa = PBXSourcesBuildPhase;
			buildActionMask = 2147483647;
			files = (
				833FBBAE1BBE0B0E001EFE4D /* ViewController.m in Sources */,
				833FBBAB1BBE0B0E001EFE4D /* AppDelegate.m in Sources */,
				833FBBA81BBE0B0E001EFE4D /* main.m in Sources */,
				833FBBBF1BBE0C19001EFE4D /* MBEMetalView.m in Sources */,
			);
			runOnlyForDeploymentPostprocessing = 0;
		};
		845182A120D7ECBD00BF473E /* Sources */ = {
			isa = PBXSourcesBuildPhase;
			buildActionMask = 2147483647;
			files = (
				845182AC20D7ECBD00BF473E /* ViewController.m in Sources */,
				845182B420D7ECBE00BF473E /* main.m in Sources */,
				845182A920D7ECBD00BF473E /* AppDelegate.m in Sources */,
				845182B920D7ED1300BF473E /* MBEMetalView.m in Sources */,
			);
			runOnlyForDeploymentPostprocessing = 0;
		};
/* End PBXSourcesBuildPhase section */

/* Begin PBXVariantGroup section */
		833FBBAF1BBE0B0E001EFE4D /* Main.storyboard */ = {
			isa = PBXVariantGroup;
			children = (
				833FBBB01BBE0B0E001EFE4D /* Base */,
			);
			name = Main.storyboard;
			sourceTree = "<group>";
		};
		833FBBB41BBE0B0E001EFE4D /* LaunchScreen.storyboard */ = {
			isa = PBXVariantGroup;
			children = (
				833FBBB51BBE0B0E001EFE4D /* Base */,
			);
			name = LaunchScreen.storyboard;
			sourceTree = "<group>";
		};
		845182AF20D7ECBE00BF473E /* Main.storyboard */ = {
			isa = PBXVariantGroup;
			children = (
				845182B020D7ECBE00BF473E /* Base */,
			);
			name = Main.storyboard;
			sourceTree = "<group>";
		};
/* End PBXVariantGroup section */

/* Begin XCBuildConfiguration section */
		833FBBB81BBE0B0E001EFE4D /* Debug */ = {
			isa = XCBuildConfiguration;
			baseConfigurationReference = 845182BD20D7FAC100BF473E /* Config.xcconfig */;
			buildSettings = {
				ALWAYS_SEARCH_USER_PATHS = NO;
				CLANG_CXX_LANGUAGE_STANDARD = "gnu++0x";
				CLANG_CXX_LIBRARY = "libc++";
				CLANG_ENABLE_MODULES = YES;
				CLANG_ENABLE_OBJC_ARC = YES;
				CLANG_WARN_BLOCK_CAPTURE_AUTORELEASING = YES;
				CLANG_WARN_BOOL_CONVERSION = YES;
				CLANG_WARN_COMMA = YES;
				CLANG_WARN_CONSTANT_CONVERSION = YES;
				CLANG_WARN_DEPRECATED_OBJC_IMPLEMENTATIONS = YES;
				CLANG_WARN_DIRECT_OBJC_ISA_USAGE = YES_ERROR;
				CLANG_WARN_EMPTY_BODY = YES;
				CLANG_WARN_ENUM_CONVERSION = YES;
				CLANG_WARN_INFINITE_RECURSION = YES;
				CLANG_WARN_INT_CONVERSION = YES;
				CLANG_WARN_NON_LITERAL_NULL_CONVERSION = YES;
				CLANG_WARN_OBJC_IMPLICIT_RETAIN_SELF = YES;
				CLANG_WARN_OBJC_LITERAL_CONVERSION = YES;
				CLANG_WARN_OBJC_ROOT_CLASS = YES_ERROR;
				CLANG_WARN_RANGE_LOOP_ANALYSIS = YES;
				CLANG_WARN_STRICT_PROTOTYPES = YES;
				CLANG_WARN_SUSPICIOUS_MOVE = YES;
				CLANG_WARN_UNREACHABLE_CODE = YES;
				CLANG_WARN__DUPLICATE_METHOD_MATCH = YES;
				"CODE_SIGN_IDENTITY[sdk=iphoneos*]" = "iPhone Developer";
				COPY_PHASE_STRIP = NO;
				DEBUG_INFORMATION_FORMAT = dwarf;
				ENABLE_STRICT_OBJC_MSGSEND = YES;
				ENABLE_TESTABILITY = YES;
				GCC_C_LANGUAGE_STANDARD = gnu99;
				GCC_DYNAMIC_NO_PIC = NO;
				GCC_NO_COMMON_BLOCKS = YES;
				GCC_OPTIMIZATION_LEVEL = 0;
				GCC_PREPROCESSOR_DEFINITIONS = (
					"DEBUG=1",
					"$(inherited)",
				);
				GCC_WARN_64_TO_32_BIT_CONVERSION = YES;
				GCC_WARN_ABOUT_RETURN_TYPE = YES_ERROR;
				GCC_WARN_UNDECLARED_SELECTOR = YES;
				GCC_WARN_UNINITIALIZED_AUTOS = YES_AGGRESSIVE;
				GCC_WARN_UNUSED_FUNCTION = YES;
				GCC_WARN_UNUSED_VARIABLE = YES;
				IPHONEOS_DEPLOYMENT_TARGET = 9.0;
				MTL_ENABLE_DEBUG_INFO = YES;
				ONLY_ACTIVE_ARCH = YES;
				SDKROOT = iphoneos;
				TARGETED_DEVICE_FAMILY = "1,2";
			};
			name = Debug;
		};
		833FBBB91BBE0B0E001EFE4D /* Release */ = {
			isa = XCBuildConfiguration;
			baseConfigurationReference = 845182BD20D7FAC100BF473E /* Config.xcconfig */;
			buildSettings = {
				ALWAYS_SEARCH_USER_PATHS = NO;
				CLANG_CXX_LANGUAGE_STANDARD = "gnu++0x";
				CLANG_CXX_LIBRARY = "libc++";
				CLANG_ENABLE_MODULES = YES;
				CLANG_ENABLE_OBJC_ARC = YES;
				CLANG_WARN_BLOCK_CAPTURE_AUTORELEASING = YES;
				CLANG_WARN_BOOL_CONVERSION = YES;
				CLANG_WARN_COMMA = YES;
				CLANG_WARN_CONSTANT_CONVERSION = YES;
				CLANG_WARN_DEPRECATED_OBJC_IMPLEMENTATIONS = YES;
				CLANG_WARN_DIRECT_OBJC_ISA_USAGE = YES_ERROR;
				CLANG_WARN_EMPTY_BODY = YES;
				CLANG_WARN_ENUM_CONVERSION = YES;
				CLANG_WARN_INFINITE_RECURSION = YES;
				CLANG_WARN_INT_CONVERSION = YES;
				CLANG_WARN_NON_LITERAL_NULL_CONVERSION = YES;
				CLANG_WARN_OBJC_IMPLICIT_RETAIN_SELF = YES;
				CLANG_WARN_OBJC_LITERAL_CONVERSION = YES;
				CLANG_WARN_OBJC_ROOT_CLASS = YES_ERROR;
				CLANG_WARN_RANGE_LOOP_ANALYSIS = YES;
				CLANG_WARN_STRICT_PROTOTYPES = YES;
				CLANG_WARN_SUSPICIOUS_MOVE = YES;
				CLANG_WARN_UNREACHABLE_CODE = YES;
				CLANG_WARN__DUPLICATE_METHOD_MATCH = YES;
				"CODE_SIGN_IDENTITY[sdk=iphoneos*]" = "iPhone Developer";
				COPY_PHASE_STRIP = NO;
				DEBUG_INFORMATION_FORMAT = "dwarf-with-dsym";
				ENABLE_NS_ASSERTIONS = NO;
				ENABLE_STRICT_OBJC_MSGSEND = YES;
				GCC_C_LANGUAGE_STANDARD = gnu99;
				GCC_NO_COMMON_BLOCKS = YES;
				GCC_WARN_64_TO_32_BIT_CONVERSION = YES;
				GCC_WARN_ABOUT_RETURN_TYPE = YES_ERROR;
				GCC_WARN_UNDECLARED_SELECTOR = YES;
				GCC_WARN_UNINITIALIZED_AUTOS = YES_AGGRESSIVE;
				GCC_WARN_UNUSED_FUNCTION = YES;
				GCC_WARN_UNUSED_VARIABLE = YES;
				IPHONEOS_DEPLOYMENT_TARGET = 9.0;
				MTL_ENABLE_DEBUG_INFO = NO;
				SDKROOT = iphoneos;
				TARGETED_DEVICE_FAMILY = "1,2";
				VALIDATE_PRODUCT = YES;
			};
			name = Release;
		};
		833FBBBB1BBE0B0E001EFE4D /* Debug */ = {
			isa = XCBuildConfiguration;
			buildSettings = {
				ASSETCATALOG_COMPILER_APPICON_NAME = AppIcon;
				INFOPLIST_FILE = ClearScreen/Info.plist;
				IPHONEOS_DEPLOYMENT_TARGET = 8.4;
				LD_RUNPATH_SEARCH_PATHS = "$(inherited) @executable_path/Frameworks";
				PRODUCT_BUNDLE_IDENTIFIER = com.metalbyexample.ClearScreen;
				PRODUCT_NAME = "$(TARGET_NAME)";
			};
			name = Debug;
		};
		833FBBBC1BBE0B0E001EFE4D /* Release */ = {
			isa = XCBuildConfiguration;
			buildSettings = {
				ASSETCATALOG_COMPILER_APPICON_NAME = AppIcon;
				INFOPLIST_FILE = ClearScreen/Info.plist;
				IPHONEOS_DEPLOYMENT_TARGET = 8.4;
				LD_RUNPATH_SEARCH_PATHS = "$(inherited) @executable_path/Frameworks";
				PRODUCT_BUNDLE_IDENTIFIER = com.metalbyexample.ClearScreen;
				PRODUCT_NAME = "$(TARGET_NAME)";
			};
			name = Release;
		};
		845182B720D7ECBE00BF473E /* Debug */ = {
			isa = XCBuildConfiguration;
			buildSettings = {
				ASSETCATALOG_COMPILER_APPICON_NAME = AppIcon;
				CLANG_ANALYZER_NONNULL = YES;
				CLANG_ANALYZER_NUMBER_OBJECT_CONVERSION = YES_AGGRESSIVE;
				CLANG_CXX_LANGUAGE_STANDARD = "gnu++14";
				CLANG_ENABLE_OBJC_WEAK = YES;
				CLANG_WARN_DOCUMENTATION_COMMENTS = YES;
				CLANG_WARN_UNGUARDED_AVAILABILITY = YES_AGGRESSIVE;
				CODE_SIGN_ENTITLEMENTS = "ClearScreen-Mac/ClearScreen_Mac.entitlements";
				CODE_SIGN_IDENTITY = "-";
				CODE_SIGN_STYLE = Automatic;
				COMBINE_HIDPI_IMAGES = YES;
				GCC_C_LANGUAGE_STANDARD = gnu11;
				INFOPLIST_FILE = "ClearScreen-Mac/Info.plist";
				LD_RUNPATH_SEARCH_PATHS = "$(inherited) @executable_path/../Frameworks";
				MACOSX_DEPLOYMENT_TARGET = 10.13;
				PRODUCT_BUNDLE_IDENTIFIER = "com.Metal-by-Example.ClearScreen-Mac";
				PRODUCT_NAME = "Clear Screen";
				SDKROOT = macosx;
			};
			name = Debug;
		};
		845182B820D7ECBE00BF473E /* Release */ = {
			isa = XCBuildConfiguration;
			buildSettings = {
				ASSETCATALOG_COMPILER_APPICON_NAME = AppIcon;
				CLANG_ANALYZER_NONNULL = YES;
				CLANG_ANALYZER_NUMBER_OBJECT_CONVERSION = YES_AGGRESSIVE;
				CLANG_CXX_LANGUAGE_STANDARD = "gnu++14";
				CLANG_ENABLE_OBJC_WEAK = YES;
				CLANG_WARN_DOCUMENTATION_COMMENTS = YES;
				CLANG_WARN_UNGUARDED_AVAILABILITY = YES_AGGRESSIVE;
				CODE_SIGN_ENTITLEMENTS = "ClearScreen-Mac/ClearScreen_Mac.entitlements";
				CODE_SIGN_IDENTITY = "-";
				CODE_SIGN_STYLE = Automatic;
				COMBINE_HIDPI_IMAGES = YES;
				GCC_C_LANGUAGE_STANDARD = gnu11;
				INFOPLIST_FILE = "ClearScreen-Mac/Info.plist";
				LD_RUNPATH_SEARCH_PATHS = "$(inherited) @executable_path/../Frameworks";
				MACOSX_DEPLOYMENT_TARGET = 10.13;
				PRODUCT_BUNDLE_IDENTIFIER = "com.Metal-by-Example.ClearScreen-Mac";
				PRODUCT_NAME = "Clear Screen";
				SDKROOT = macosx;
			};
			name = Release;
		};
/* End XCBuildConfiguration section */

/* Begin XCConfigurationList section */
		833FBB9E1BBE0B0E001EFE4D /* Build configuration list for PBXProject "ClearScreen" */ = {
			isa = XCConfigurationList;
			buildConfigurations = (
				833FBBB81BBE0B0E001EFE4D /* Debug */,
				833FBBB91BBE0B0E001EFE4D /* Release */,
			);
			defaultConfigurationIsVisible = 0;
			defaultConfigurationName = Release;
		};
		833FBBBA1BBE0B0E001EFE4D /* Build configuration list for PBXNativeTarget "ClearScreen" */ = {
			isa = XCConfigurationList;
			buildConfigurations = (
				833FBBBB1BBE0B0E001EFE4D /* Debug */,
				833FBBBC1BBE0B0E001EFE4D /* Release */,
			);
			defaultConfigurationIsVisible = 0;
			defaultConfigurationName = Release;
		};
		845182B620D7ECBE00BF473E /* Build configuration list for PBXNativeTarget "ClearScreen-Mac" */ = {
			isa = XCConfigurationList;
			buildConfigurations = (
				845182B720D7ECBE00BF473E /* Debug */,
				845182B820D7ECBE00BF473E /* Release */,
			);
			defaultConfigurationIsVisible = 0;
			defaultConfigurationName = Release;
		};
/* End XCConfigurationList section */
	};
	rootObject = 833FBB9B1BBE0B0E001EFE4D /* Project object */;
}
